
Microsoft Visual Studio Solution File, Format Version 12.00
# Visual Studio Version 17
VisualStudioVersion = 17.11.35222.181
MinimumVisualStudioVersion = 10.0.40219.1
Project("{9A19103F-16F7-4668-BE54-9A1E7A4F7556}") = "DataLayer", "DataLayer\DataLayer.csproj", "{65F011BB-0C3C-4A46-9553-686E244F2C82}"
EndProject
Project("{9A19103F-16F7-4668-BE54-9A1E7A4F7556}") = "DataLayerTests", "DataLayerTests\DataLayerTests.csproj", "{6A518D94-887C-477E-B70F-CDCB3CF0CB05}"
EndProject
Project("{9A19103F-16F7-4668-BE54-9A1E7A4F7556}") = "MusicalShopApp", "musicalshopapp\MusicalShopApp.csproj", "{8BEEA2E2-2718-40FD-B23B-790C7232EDED}"
EndProject
Project("{FAE04EC0-301F-11D3-BF4B-00C04F79EFBC}") = "ConstNames", "ConstNames\ConstNames.csproj", "{0A77C4EE-2BDD-40A6-9198-12E2C6635054}"
EndProject
Global
	GlobalSection(SolutionConfigurationPlatforms) = preSolution
		Debug|Any CPU = Debug|Any CPU
		Release|Any CPU = Release|Any CPU
	EndGlobalSection
	GlobalSection(ProjectConfigurationPlatforms) = postSolution
		{65F011BB-0C3C-4A46-9553-686E244F2C82}.Debug|Any CPU.ActiveCfg = Debug|Any CPU
		{65F011BB-0C3C-4A46-9553-686E244F2C82}.Debug|Any CPU.Build.0 = Debug|Any CPU
		{65F011BB-0C3C-4A46-9553-686E244F2C82}.Release|Any CPU.ActiveCfg = Release|Any CPU
		{65F011BB-0C3C-4A46-9553-686E244F2C82}.Release|Any CPU.Build.0 = Release|Any CPU
		{6A518D94-887C-477E-B70F-CDCB3CF0CB05}.Debug|Any CPU.ActiveCfg = Debug|Any CPU
		{6A518D94-887C-477E-B70F-CDCB3CF0CB05}.Debug|Any CPU.Build.0 = Debug|Any CPU
		{6A518D94-887C-477E-B70F-CDCB3CF0CB05}.Release|Any CPU.ActiveCfg = Release|Any CPU
		{6A518D94-887C-477E-B70F-CDCB3CF0CB05}.Release|Any CPU.Build.0 = Release|Any CPU
		{8BEEA2E2-2718-40FD-B23B-790C7232EDED}.Debug|Any CPU.ActiveCfg = Debug|Any CPU
		{8BEEA2E2-2718-40FD-B23B-790C7232EDED}.Debug|Any CPU.Build.0 = Debug|Any CPU
		{8BEEA2E2-2718-40FD-B23B-790C7232EDED}.Release|Any CPU.ActiveCfg = Release|Any CPU
		{8BEEA2E2-2718-40FD-B23B-790C7232EDED}.Release|Any CPU.Build.0 = Release|Any CPU
		{0A77C4EE-2BDD-40A6-9198-12E2C6635054}.Debug|Any CPU.ActiveCfg = Debug|Any CPU
		{0A77C4EE-2BDD-40A6-9198-12E2C6635054}.Debug|Any CPU.Build.0 = Debug|Any CPU
		{0A77C4EE-2BDD-40A6-9198-12E2C6635054}.Release|Any CPU.ActiveCfg = Release|Any CPU
		{0A77C4EE-2BDD-40A6-9198-12E2C6635054}.Release|Any CPU.Build.0 = Release|Any CPU
	EndGlobalSection
	GlobalSection(SolutionProperties) = preSolution
		HideSolutionNode = FALSE
	EndGlobalSection
	GlobalSection(ExtensibilityGlobals) = postSolution
		SolutionGuid = {5F8018A3-8F62-4483-AFC2-8AA9FBAAEB34}
	EndGlobalSection
EndGlobal
