
Microsoft Visual Studio Solution File, Format Version 12.00
# Visual Studio Version 17
VisualStudioVersion = 17.11.35222.181
MinimumVisualStudioVersion = 10.0.40219.1
Project("{9A19103F-16F7-4668-BE54-9A1E7A4F7556}") = "DataLayer", "DataLayer\DataLayer.csproj", "{65F011BB-0C3C-4A46-9553-686E244F2C82}"
EndProject
Project("{9A19103F-16F7-4668-BE54-9A1E7A4F7556}") = "DataLayerTests", "DataLayerTests\DataLayerTests.csproj", "{6A518D94-887C-477E-B70F-CDCB3CF0CB05}"
EndProject
Project("{9A19103F-16F7-4668-BE54-9A1E7A4F7556}") = "MusicalShopApp", "musicalshopapp\MusicalShopApp.csproj", "{8BEEA2E2-2718-40FD-B23B-790C7232EDED}"
EndProject
Project("{9A19103F-16F7-4668-BE54-9A1E7A4F7556}") = "Common", "ConstNames\Common.csproj", "{0A77C4EE-2BDD-40A6-9198-12E2C6635054}"
EndProject
Project("{9A19103F-16F7-4668-BE54-9A1E7A4F7556}") = "ServiceLayer", "ServiceLayer\ServiceLayer.csproj", "{1A4A120F-744F-4073-8FDE-8154596CD907}"
EndProject
Project("{9A19103F-16F7-4668-BE54-9A1E7A4F7556}") = "BusinessLogicLayer", "BusinessLogic\BusinessLogicLayer.csproj", "{676E1B57-9592-4007-9737-CC4FE6F33B44}"
EndProject
Project("{9A19103F-16F7-4668-BE54-9A1E7A4F7556}") = "BizLogicBase", "BizLogicBase\BizLogicBase.csproj", "{8B1506DC-EA7F-4B0B-9B3C-F03989F00DCB}"
EndProject
Project("{9A19103F-16F7-4668-BE54-9A1E7A4F7556}") = "DbAccessLayer", "DbAccessLayer\DbAccessLayer.csproj", "{DE4EA3AE-E3FB-4811-A3BC-1DB95AE5569D}"
EndProject
Project("{9A19103F-16F7-4668-BE54-9A1E7A4F7556}") = "ServiceLayerTests", "ServiceLayerTests\ServiceLayerTests.csproj", "{3562583E-335E-4246-A989-12B7CA836CFE}"
EndProject
Project("{9A19103F-16F7-4668-BE54-9A1E7A4F7556}") = "ViewModelsLayer", "ViewModelsLayer\ViewModelsLayer.csproj", "{54D6E029-9D5F-4982-8C13-ADA1B8E72084}"
EndProject
Project("{9A19103F-16F7-4668-BE54-9A1E7A4F7556}") = "WebApi", "WebApi\WebApi.csproj", "{D371E461-59DF-41C6-A227-36D64DB04EF2}"
EndProject
Project("{FAE04EC0-301F-11D3-BF4B-00C04F79EFBC}") = "BasicAppConfiguration", "BaseAppConfiguration\BasicAppConfiguration.csproj", "{3C9A93EA-210C-45EA-A4CD-399728CFB93E}"
EndProject
Global
	GlobalSection(SolutionConfigurationPlatforms) = preSolution
		Debug|Any CPU = Debug|Any CPU
		Release|Any CPU = Release|Any CPU
	EndGlobalSection
	GlobalSection(ProjectConfigurationPlatforms) = postSolution
		{65F011BB-0C3C-4A46-9553-686E244F2C82}.Debug|Any CPU.ActiveCfg = Debug|Any CPU
		{65F011BB-0C3C-4A46-9553-686E244F2C82}.Debug|Any CPU.Build.0 = Debug|Any CPU
		{65F011BB-0C3C-4A46-9553-686E244F2C82}.Release|Any CPU.ActiveCfg = Release|Any CPU
		{65F011BB-0C3C-4A46-9553-686E244F2C82}.Release|Any CPU.Build.0 = Release|Any CPU
		{6A518D94-887C-477E-B70F-CDCB3CF0CB05}.Debug|Any CPU.ActiveCfg = Debug|Any CPU
		{6A518D94-887C-477E-B70F-CDCB3CF0CB05}.Debug|Any CPU.Build.0 = Debug|Any CPU
		{6A518D94-887C-477E-B70F-CDCB3CF0CB05}.Release|Any CPU.ActiveCfg = Release|Any CPU
		{6A518D94-887C-477E-B70F-CDCB3CF0CB05}.Release|Any CPU.Build.0 = Release|Any CPU
		{8BEEA2E2-2718-40FD-B23B-790C7232EDED}.Debug|Any CPU.ActiveCfg = Debug|Any CPU
		{8BEEA2E2-2718-40FD-B23B-790C7232EDED}.Debug|Any CPU.Build.0 = Debug|Any CPU
		{8BEEA2E2-2718-40FD-B23B-790C7232EDED}.Release|Any CPU.ActiveCfg = Release|Any CPU
		{8BEEA2E2-2718-40FD-B23B-790C7232EDED}.Release|Any CPU.Build.0 = Release|Any CPU
		{0A77C4EE-2BDD-40A6-9198-12E2C6635054}.Debug|Any CPU.ActiveCfg = Debug|Any CPU
		{0A77C4EE-2BDD-40A6-9198-12E2C6635054}.Debug|Any CPU.Build.0 = Debug|Any CPU
		{0A77C4EE-2BDD-40A6-9198-12E2C6635054}.Release|Any CPU.ActiveCfg = Release|Any CPU
		{0A77C4EE-2BDD-40A6-9198-12E2C6635054}.Release|Any CPU.Build.0 = Release|Any CPU
		{1A4A120F-744F-4073-8FDE-8154596CD907}.Debug|Any CPU.ActiveCfg = Debug|Any CPU
		{1A4A120F-744F-4073-8FDE-8154596CD907}.Debug|Any CPU.Build.0 = Debug|Any CPU
		{1A4A120F-744F-4073-8FDE-8154596CD907}.Release|Any CPU.ActiveCfg = Release|Any CPU
		{1A4A120F-744F-4073-8FDE-8154596CD907}.Release|Any CPU.Build.0 = Release|Any CPU
		{676E1B57-9592-4007-9737-CC4FE6F33B44}.Debug|Any CPU.ActiveCfg = Debug|Any CPU
		{676E1B57-9592-4007-9737-CC4FE6F33B44}.Debug|Any CPU.Build.0 = Debug|Any CPU
		{676E1B57-9592-4007-9737-CC4FE6F33B44}.Release|Any CPU.ActiveCfg = Release|Any CPU
		{676E1B57-9592-4007-9737-CC4FE6F33B44}.Release|Any CPU.Build.0 = Release|Any CPU
		{8B1506DC-EA7F-4B0B-9B3C-F03989F00DCB}.Debug|Any CPU.ActiveCfg = Debug|Any CPU
		{8B1506DC-EA7F-4B0B-9B3C-F03989F00DCB}.Debug|Any CPU.Build.0 = Debug|Any CPU
		{8B1506DC-EA7F-4B0B-9B3C-F03989F00DCB}.Release|Any CPU.ActiveCfg = Release|Any CPU
		{8B1506DC-EA7F-4B0B-9B3C-F03989F00DCB}.Release|Any CPU.Build.0 = Release|Any CPU
		{DE4EA3AE-E3FB-4811-A3BC-1DB95AE5569D}.Debug|Any CPU.ActiveCfg = Debug|Any CPU
		{DE4EA3AE-E3FB-4811-A3BC-1DB95AE5569D}.Debug|Any CPU.Build.0 = Debug|Any CPU
		{DE4EA3AE-E3FB-4811-A3BC-1DB95AE5569D}.Release|Any CPU.ActiveCfg = Release|Any CPU
		{DE4EA3AE-E3FB-4811-A3BC-1DB95AE5569D}.Release|Any CPU.Build.0 = Release|Any CPU
		{3562583E-335E-4246-A989-12B7CA836CFE}.Debug|Any CPU.ActiveCfg = Debug|Any CPU
		{3562583E-335E-4246-A989-12B7CA836CFE}.Debug|Any CPU.Build.0 = Debug|Any CPU
		{3562583E-335E-4246-A989-12B7CA836CFE}.Release|Any CPU.ActiveCfg = Release|Any CPU
		{3562583E-335E-4246-A989-12B7CA836CFE}.Release|Any CPU.Build.0 = Release|Any CPU
		{54D6E029-9D5F-4982-8C13-ADA1B8E72084}.Debug|Any CPU.ActiveCfg = Debug|Any CPU
		{54D6E029-9D5F-4982-8C13-ADA1B8E72084}.Debug|Any CPU.Build.0 = Debug|Any CPU
		{54D6E029-9D5F-4982-8C13-ADA1B8E72084}.Release|Any CPU.ActiveCfg = Release|Any CPU
		{54D6E029-9D5F-4982-8C13-ADA1B8E72084}.Release|Any CPU.Build.0 = Release|Any CPU
		{D371E461-59DF-41C6-A227-36D64DB04EF2}.Debug|Any CPU.ActiveCfg = Debug|Any CPU
		{D371E461-59DF-41C6-A227-36D64DB04EF2}.Debug|Any CPU.Build.0 = Debug|Any CPU
		{D371E461-59DF-41C6-A227-36D64DB04EF2}.Release|Any CPU.ActiveCfg = Release|Any CPU
		{D371E461-59DF-41C6-A227-36D64DB04EF2}.Release|Any CPU.Build.0 = Release|Any CPU
		{3C9A93EA-210C-45EA-A4CD-399728CFB93E}.Debug|Any CPU.ActiveCfg = Debug|Any CPU
		{3C9A93EA-210C-45EA-A4CD-399728CFB93E}.Debug|Any CPU.Build.0 = Debug|Any CPU
		{3C9A93EA-210C-45EA-A4CD-399728CFB93E}.Release|Any CPU.ActiveCfg = Release|Any CPU
		{3C9A93EA-210C-45EA-A4CD-399728CFB93E}.Release|Any CPU.Build.0 = Release|Any CPU
	EndGlobalSection
	GlobalSection(SolutionProperties) = preSolution
		HideSolutionNode = FALSE
	EndGlobalSection
	GlobalSection(ExtensibilityGlobals) = postSolution
		SolutionGuid = {5F8018A3-8F62-4483-AFC2-8AA9FBAAEB34}
	EndGlobalSection
EndGlobal
